
Microsoft Visual Studio Solution File, Format Version 12.00
# Visual Studio Version 17
VisualStudioVersion = 17.8.34330.188
MinimumVisualStudioVersion = 10.0.40219.1
Project("{FAE04EC0-301F-11D3-BF4B-00C04F79EFBC}") = "EliteEstates", "EliteEstates.csproj", "{B14570FC-61AA-413A-BD25-F2BE37E934DE}"
EndProject
Global
	GlobalSection(SolutionConfigurationPlatforms) = preSolution
		Debug|Any CPU = Debug|Any CPU
		Release|Any CPU = Release|Any CPU
	EndGlobalSection
	GlobalSection(ProjectConfigurationPlatforms) = postSolution
		{B14570FC-61AA-413A-BD25-F2BE37E934DE}.Debug|Any CPU.ActiveCfg = Debug|Any CPU
		{B14570FC-61AA-413A-BD25-F2BE37E934DE}.Debug|Any CPU.Build.0 = Debug|Any CPU
		{B14570FC-61AA-413A-BD25-F2BE37E934DE}.Release|Any CPU.ActiveCfg = Release|Any CPU
		{B14570FC-61AA-413A-BD25-F2BE37E934DE}.Release|Any CPU.Build.0 = Release|Any CPU
	EndGlobalSection
	GlobalSection(SolutionProperties) = preSolution
		HideSolutionNode = FALSE
	EndGlobalSection
	GlobalSection(ExtensibilityGlobals) = postSolution
		SolutionGuid = {0B13DD22-3EC1-4733-962C-A29E2E9D60A6}
	EndGlobalSection
EndGlobal
